// !$*UTF8*$!
{
	archiveVersion = 1;
	classes = {
	};
	objectVersion = 55;
	objects = {

/* Begin PBXBuildFile section */
		683DBCB77129785EDADAD064 /* Pods_Inspire.framework in Frameworks */ = {isa = PBXBuildFile; fileRef = A049B75DD06D1BC0C1A225F0 /* Pods_Inspire.framework */; };
		70E3315029383AF90064223C /* AppDelegate.swift in Sources */ = {isa = PBXBuildFile; fileRef = 70E3314F29383AF90064223C /* AppDelegate.swift */; };
		70E3315229383AF90064223C /* SceneDelegate.swift in Sources */ = {isa = PBXBuildFile; fileRef = 70E3315129383AF90064223C /* SceneDelegate.swift */; };
		70E3315429383AF90064223C /* HomeViewController.swift in Sources */ = {isa = PBXBuildFile; fileRef = 70E3315329383AF90064223C /* HomeViewController.swift */; };
		70E3315929383AFD0064223C /* Assets.xcassets in Resources */ = {isa = PBXBuildFile; fileRef = 70E3315829383AFD0064223C /* Assets.xcassets */; };
		70E3315C29383AFD0064223C /* LaunchScreen.storyboard in Resources */ = {isa = PBXBuildFile; fileRef = 70E3315A29383AFD0064223C /* LaunchScreen.storyboard */; };
		70E3316C293A1FF10064223C /* ExploreViewController.swift in Sources */ = {isa = PBXBuildFile; fileRef = 70E3316B293A1FF10064223C /* ExploreViewController.swift */; };
		70E3316E293A1FFB0064223C /* CameraViewController.swift in Sources */ = {isa = PBXBuildFile; fileRef = 70E3316D293A1FFB0064223C /* CameraViewController.swift */; };
		70E33171293A201A0064223C /* NotificationsViewController.swift in Sources */ = {isa = PBXBuildFile; fileRef = 70E33170293A201A0064223C /* NotificationsViewController.swift */; };
		70E33173293A202C0064223C /* ProfileViewController.swift in Sources */ = {isa = PBXBuildFile; fileRef = 70E33172293A202C0064223C /* ProfileViewController.swift */; };
		70E33175293A20560064223C /* UserListViewController.swift in Sources */ = {isa = PBXBuildFile; fileRef = 70E33174293A20560064223C /* UserListViewController.swift */; };
		70E33177293AEC500064223C /* SignInViewController.swift in Sources */ = {isa = PBXBuildFile; fileRef = 70E33176293AEC500064223C /* SignInViewController.swift */; };
		70E33179293AEC5F0064223C /* SignUpViewController.swift in Sources */ = {isa = PBXBuildFile; fileRef = 70E33178293AEC5F0064223C /* SignUpViewController.swift */; };
		70E3317B293AEC6C0064223C /* SettingsViewController.swift in Sources */ = {isa = PBXBuildFile; fileRef = 70E3317A293AEC6C0064223C /* SettingsViewController.swift */; };
		70E3317D293AECD30064223C /* TabBarViewController.swift in Sources */ = {isa = PBXBuildFile; fileRef = 70E3317C293AECD30064223C /* TabBarViewController.swift */; };
		70E33181293AEE4F0064223C /* PostViewController.swift in Sources */ = {isa = PBXBuildFile; fileRef = 70E33180293AEE4F0064223C /* PostViewController.swift */; };
		70E33185293AEED90064223C /* StorageManager.swift in Sources */ = {isa = PBXBuildFile; fileRef = 70E33184293AEED90064223C /* StorageManager.swift */; };
		70E33187293AEEFE0064223C /* DatabaseManager.swift in Sources */ = {isa = PBXBuildFile; fileRef = 70E33186293AEEFE0064223C /* DatabaseManager.swift */; };
		70E33189293AEF1D0064223C /* AuthentificationManager.swift in Sources */ = {isa = PBXBuildFile; fileRef = 70E33188293AEF1D0064223C /* AuthentificationManager.swift */; };
		70E3318B293AEF460064223C /* HapticsManager.swift in Sources */ = {isa = PBXBuildFile; fileRef = 70E3318A293AEF460064223C /* HapticsManager.swift */; };
/* End PBXBuildFile section */

/* Begin PBXFileReference section */
		6210A0E3B4C78D2E06D7A7E2 /* Pods-Inspire.release.xcconfig */ = {isa = PBXFileReference; includeInIndex = 1; lastKnownFileType = text.xcconfig; name = "Pods-Inspire.release.xcconfig"; path = "Target Support Files/Pods-Inspire/Pods-Inspire.release.xcconfig"; sourceTree = "<group>"; };
		70E3314C29383AF90064223C /* Inspire.app */ = {isa = PBXFileReference; explicitFileType = wrapper.application; includeInIndex = 0; path = Inspire.app; sourceTree = BUILT_PRODUCTS_DIR; };
		70E3314F29383AF90064223C /* AppDelegate.swift */ = {isa = PBXFileReference; lastKnownFileType = sourcecode.swift; path = AppDelegate.swift; sourceTree = "<group>"; };
		70E3315129383AF90064223C /* SceneDelegate.swift */ = {isa = PBXFileReference; lastKnownFileType = sourcecode.swift; path = SceneDelegate.swift; sourceTree = "<group>"; };
		70E3315329383AF90064223C /* HomeViewController.swift */ = {isa = PBXFileReference; lastKnownFileType = sourcecode.swift; path = HomeViewController.swift; sourceTree = "<group>"; };
		70E3315829383AFD0064223C /* Assets.xcassets */ = {isa = PBXFileReference; lastKnownFileType = folder.assetcatalog; path = Assets.xcassets; sourceTree = "<group>"; };
		70E3315B29383AFD0064223C /* Base */ = {isa = PBXFileReference; lastKnownFileType = file.storyboard; name = Base; path = Base.lproj/LaunchScreen.storyboard; sourceTree = "<group>"; };
		70E3315D29383AFD0064223C /* Info.plist */ = {isa = PBXFileReference; lastKnownFileType = text.plist.xml; path = Info.plist; sourceTree = "<group>"; };
		70E3316B293A1FF10064223C /* ExploreViewController.swift */ = {isa = PBXFileReference; lastKnownFileType = sourcecode.swift; path = ExploreViewController.swift; sourceTree = "<group>"; };
		70E3316D293A1FFB0064223C /* CameraViewController.swift */ = {isa = PBXFileReference; lastKnownFileType = sourcecode.swift; path = CameraViewController.swift; sourceTree = "<group>"; };
		70E33170293A201A0064223C /* NotificationsViewController.swift */ = {isa = PBXFileReference; lastKnownFileType = sourcecode.swift; path = NotificationsViewController.swift; sourceTree = "<group>"; };
		70E33172293A202C0064223C /* ProfileViewController.swift */ = {isa = PBXFileReference; lastKnownFileType = sourcecode.swift; path = ProfileViewController.swift; sourceTree = "<group>"; };
		70E33174293A20560064223C /* UserListViewController.swift */ = {isa = PBXFileReference; lastKnownFileType = sourcecode.swift; path = UserListViewController.swift; sourceTree = "<group>"; };
		70E33176293AEC500064223C /* SignInViewController.swift */ = {isa = PBXFileReference; lastKnownFileType = sourcecode.swift; path = SignInViewController.swift; sourceTree = "<group>"; };
		70E33178293AEC5F0064223C /* SignUpViewController.swift */ = {isa = PBXFileReference; lastKnownFileType = sourcecode.swift; path = SignUpViewController.swift; sourceTree = "<group>"; };
		70E3317A293AEC6C0064223C /* SettingsViewController.swift */ = {isa = PBXFileReference; lastKnownFileType = sourcecode.swift; path = SettingsViewController.swift; sourceTree = "<group>"; };
		70E3317C293AECD30064223C /* TabBarViewController.swift */ = {isa = PBXFileReference; lastKnownFileType = sourcecode.swift; path = TabBarViewController.swift; sourceTree = "<group>"; };
		70E33180293AEE4F0064223C /* PostViewController.swift */ = {isa = PBXFileReference; lastKnownFileType = sourcecode.swift; path = PostViewController.swift; sourceTree = "<group>"; };
		70E33184293AEED90064223C /* StorageManager.swift */ = {isa = PBXFileReference; lastKnownFileType = sourcecode.swift; path = StorageManager.swift; sourceTree = "<group>"; };
		70E33186293AEEFE0064223C /* DatabaseManager.swift */ = {isa = PBXFileReference; lastKnownFileType = sourcecode.swift; path = DatabaseManager.swift; sourceTree = "<group>"; };
		70E33188293AEF1D0064223C /* AuthentificationManager.swift */ = {isa = PBXFileReference; lastKnownFileType = sourcecode.swift; path = AuthentificationManager.swift; sourceTree = "<group>"; };
		70E3318A293AEF460064223C /* HapticsManager.swift */ = {isa = PBXFileReference; lastKnownFileType = sourcecode.swift; path = HapticsManager.swift; sourceTree = "<group>"; };
		8869ABEE7750988D18E79322 /* Pods-Inspire.debug.xcconfig */ = {isa = PBXFileReference; includeInIndex = 1; lastKnownFileType = text.xcconfig; name = "Pods-Inspire.debug.xcconfig"; path = "Target Support Files/Pods-Inspire/Pods-Inspire.debug.xcconfig"; sourceTree = "<group>"; };
		A049B75DD06D1BC0C1A225F0 /* Pods_Inspire.framework */ = {isa = PBXFileReference; explicitFileType = wrapper.framework; includeInIndex = 0; path = Pods_Inspire.framework; sourceTree = BUILT_PRODUCTS_DIR; };
/* End PBXFileReference section */

/* Begin PBXFrameworksBuildPhase section */
		70E3314929383AF90064223C /* Frameworks */ = {
			isa = PBXFrameworksBuildPhase;
			buildActionMask = 2147483647;
			files = (
				683DBCB77129785EDADAD064 /* Pods_Inspire.framework in Frameworks */,
			);
			runOnlyForDeploymentPostprocessing = 0;
		};
/* End PBXFrameworksBuildPhase section */

/* Begin PBXGroup section */
		28BE664FEDCF1574B7AF4C32 /* Pods */ = {
			isa = PBXGroup;
			children = (
				8869ABEE7750988D18E79322 /* Pods-Inspire.debug.xcconfig */,
				6210A0E3B4C78D2E06D7A7E2 /* Pods-Inspire.release.xcconfig */,
			);
			name = Pods;
			path = Pods;
			sourceTree = "<group>";
		};
		70E3314329383AF90064223C = {
			isa = PBXGroup;
			children = (
				70E3314E29383AF90064223C /* Inspire */,
				70E3314D29383AF90064223C /* Products */,
				28BE664FEDCF1574B7AF4C32 /* Pods */,
				BC03F7E5F161B4C842C5F354 /* Frameworks */,
			);
			sourceTree = "<group>";
		};
		70E3314D29383AF90064223C /* Products */ = {
			isa = PBXGroup;
			children = (
				70E3314C29383AF90064223C /* Inspire.app */,
			);
			name = Products;
			sourceTree = "<group>";
		};
		70E3314E29383AF90064223C /* Inspire */ = {
			isa = PBXGroup;
			children = (
				70E33168293A1F4D0064223C /* Managers */,
				70E33167293A1F420064223C /* ViewModels */,
				70E33166293A1F390064223C /* Models */,
				70E33165293A1F250064223C /* Views */,
				70E33164293A1F1B0064223C /* Controllers */,
				70E33163293A1F030064223C /* Resources */,
				70E3315829383AFD0064223C /* Assets.xcassets */,
				70E3315D29383AFD0064223C /* Info.plist */,
			);
			path = Inspire;
			sourceTree = "<group>";
		};
		70E33163293A1F030064223C /* Resources */ = {
			isa = PBXGroup;
			children = (
				70E3314F29383AF90064223C /* AppDelegate.swift */,
				70E3315129383AF90064223C /* SceneDelegate.swift */,
			);
			path = Resources;
			sourceTree = "<group>";
		};
		70E33164293A1F1B0064223C /* Controllers */ = {
			isa = PBXGroup;
			children = (
				70E3316A293A1FD80064223C /* Other */,
				70E33169293A1FC90064223C /* Core */,
			);
			path = Controllers;
			sourceTree = "<group>";
		};
		70E33165293A1F250064223C /* Views */ = {
			isa = PBXGroup;
			children = (
				70E3317F293AED690064223C /* Other */,
				70E3317E293AECEB0064223C /* Storyboards */,
			);
			path = Views;
			sourceTree = "<group>";
		};
		70E33166293A1F390064223C /* Models */ = {
			isa = PBXGroup;
			children = (
			);
			path = Models;
			sourceTree = "<group>";
		};
		70E33167293A1F420064223C /* ViewModels */ = {
			isa = PBXGroup;
			children = (
			);
			path = ViewModels;
			sourceTree = "<group>";
		};
		70E33168293A1F4D0064223C /* Managers */ = {
			isa = PBXGroup;
			children = (
				70E33184293AEED90064223C /* StorageManager.swift */,
				70E33186293AEEFE0064223C /* DatabaseManager.swift */,
				70E33188293AEF1D0064223C /* AuthentificationManager.swift */,
				70E3318A293AEF460064223C /* HapticsManager.swift */,
			);
			path = Managers;
			sourceTree = "<group>";
		};
		70E33169293A1FC90064223C /* Core */ = {
			isa = PBXGroup;
			children = (
				70E3315329383AF90064223C /* HomeViewController.swift */,
				70E3316B293A1FF10064223C /* ExploreViewController.swift */,
				70E3316D293A1FFB0064223C /* CameraViewController.swift */,
				70E33170293A201A0064223C /* NotificationsViewController.swift */,
				70E33172293A202C0064223C /* ProfileViewController.swift */,
				70E3317C293AECD30064223C /* TabBarViewController.swift */,
			);
			path = Core;
			sourceTree = "<group>";
		};
		70E3316A293A1FD80064223C /* Other */ = {
			isa = PBXGroup;
			children = (
				70E33174293A20560064223C /* UserListViewController.swift */,
				70E33176293AEC500064223C /* SignInViewController.swift */,
				70E33178293AEC5F0064223C /* SignUpViewController.swift */,
				70E3317A293AEC6C0064223C /* SettingsViewController.swift */,
				70E33180293AEE4F0064223C /* PostViewController.swift */,
			);
			path = Other;
			sourceTree = "<group>";
		};
		70E3317E293AECEB0064223C /* Storyboards */ = {
			isa = PBXGroup;
			children = (
				70E3315A29383AFD0064223C /* LaunchScreen.storyboard */,
			);
			path = Storyboards;
			sourceTree = "<group>";
		};
		70E3317F293AED690064223C /* Other */ = {
			isa = PBXGroup;
			children = (
			);
			path = Other;
			sourceTree = "<group>";
		};
		BC03F7E5F161B4C842C5F354 /* Frameworks */ = {
			isa = PBXGroup;
			children = (
				A049B75DD06D1BC0C1A225F0 /* Pods_Inspire.framework */,
			);
			name = Frameworks;
			sourceTree = "<group>";
		};
/* End PBXGroup section */

/* Begin PBXNativeTarget section */
		70E3314B29383AF90064223C /* Inspire */ = {
			isa = PBXNativeTarget;
			buildConfigurationList = 70E3316029383AFD0064223C /* Build configuration list for PBXNativeTarget "Inspire" */;
			buildPhases = (
				B69FD22A426DACC0BE1DCB7E /* [CP] Check Pods Manifest.lock */,
				70E3314829383AF90064223C /* Sources */,
				70E3314929383AF90064223C /* Frameworks */,
				70E3314A29383AF90064223C /* Resources */,
			);
			buildRules = (
			);
			dependencies = (
			);
			name = Inspire;
			productName = Inspire;
			productReference = 70E3314C29383AF90064223C /* Inspire.app */;
			productType = "com.apple.product-type.application";
		};
/* End PBXNativeTarget section */

/* Begin PBXProject section */
		70E3314429383AF90064223C /* Project object */ = {
			isa = PBXProject;
			attributes = {
				BuildIndependentTargetsInParallel = 1;
				LastSwiftUpdateCheck = 1340;
				LastUpgradeCheck = 1340;
				TargetAttributes = {
					70E3314B29383AF90064223C = {
						CreatedOnToolsVersion = 13.4.1;
					};
				};
			};
			buildConfigurationList = 70E3314729383AF90064223C /* Build configuration list for PBXProject "Inspire" */;
			compatibilityVersion = "Xcode 13.0";
			developmentRegion = en;
			hasScannedForEncodings = 0;
			knownRegions = (
				en,
				Base,
			);
			mainGroup = 70E3314329383AF90064223C;
			productRefGroup = 70E3314D29383AF90064223C /* Products */;
			projectDirPath = "";
			projectRoot = "";
			targets = (
				70E3314B29383AF90064223C /* Inspire */,
			);
		};
/* End PBXProject section */

/* Begin PBXResourcesBuildPhase section */
		70E3314A29383AF90064223C /* Resources */ = {
			isa = PBXResourcesBuildPhase;
			buildActionMask = 2147483647;
			files = (
				70E3315C29383AFD0064223C /* LaunchScreen.storyboard in Resources */,
				70E3315929383AFD0064223C /* Assets.xcassets in Resources */,
			);
			runOnlyForDeploymentPostprocessing = 0;
		};
/* End PBXResourcesBuildPhase section */

/* Begin PBXShellScriptBuildPhase section */
		B69FD22A426DACC0BE1DCB7E /* [CP] Check Pods Manifest.lock */ = {
			isa = PBXShellScriptBuildPhase;
			buildActionMask = 2147483647;
			files = (
			);
			inputFileListPaths = (
			);
			inputPaths = (
				"${PODS_PODFILE_DIR_PATH}/Podfile.lock",
				"${PODS_ROOT}/Manifest.lock",
			);
			name = "[CP] Check Pods Manifest.lock";
			outputFileListPaths = (
			);
			outputPaths = (
				"$(DERIVED_FILE_DIR)/Pods-Inspire-checkManifestLockResult.txt",
			);
			runOnlyForDeploymentPostprocessing = 0;
			shellPath = /bin/sh;
			shellScript = "diff \"${PODS_PODFILE_DIR_PATH}/Podfile.lock\" \"${PODS_ROOT}/Manifest.lock\" > /dev/null\nif [ $? != 0 ] ; then\n    # print error to STDERR\n    echo \"error: The sandbox is not in sync with the Podfile.lock. Run 'pod install' or update your CocoaPods installation.\" >&2\n    exit 1\nfi\n# This output is used by Xcode 'outputs' to avoid re-running this script phase.\necho \"SUCCESS\" > \"${SCRIPT_OUTPUT_FILE_0}\"\n";
			showEnvVarsInLog = 0;
		};
/* End PBXShellScriptBuildPhase section */

/* Begin PBXSourcesBuildPhase section */
		70E3314829383AF90064223C /* Sources */ = {
			isa = PBXSourcesBuildPhase;
			buildActionMask = 2147483647;
			files = (
				70E3318B293AEF460064223C /* HapticsManager.swift in Sources */,
				70E33189293AEF1D0064223C /* AuthentificationManager.swift in Sources */,
				70E33187293AEEFE0064223C /* DatabaseManager.swift in Sources */,
				70E3316C293A1FF10064223C /* ExploreViewController.swift in Sources */,
				70E33175293A20560064223C /* UserListViewController.swift in Sources */,
				70E3317B293AEC6C0064223C /* SettingsViewController.swift in Sources */,
				70E33181293AEE4F0064223C /* PostViewController.swift in Sources */,
				70E3316E293A1FFB0064223C /* CameraViewController.swift in Sources */,
				70E3317D293AECD30064223C /* TabBarViewController.swift in Sources */,
				70E3315429383AF90064223C /* HomeViewController.swift in Sources */,
				70E33179293AEC5F0064223C /* SignUpViewController.swift in Sources */,
				70E33171293A201A0064223C /* NotificationsViewController.swift in Sources */,
				70E33177293AEC500064223C /* SignInViewController.swift in Sources */,
				70E33173293A202C0064223C /* ProfileViewController.swift in Sources */,
				70E33185293AEED90064223C /* StorageManager.swift in Sources */,
				70E3315029383AF90064223C /* AppDelegate.swift in Sources */,
				70E3315229383AF90064223C /* SceneDelegate.swift in Sources */,
			);
			runOnlyForDeploymentPostprocessing = 0;
		};
/* End PBXSourcesBuildPhase section */

/* Begin PBXVariantGroup section */
		70E3315A29383AFD0064223C /* LaunchScreen.storyboard */ = {
			isa = PBXVariantGroup;
			children = (
				70E3315B29383AFD0064223C /* Base */,
			);
			name = LaunchScreen.storyboard;
			sourceTree = "<group>";
		};
/* End PBXVariantGroup section */

/* Begin XCBuildConfiguration section */
		70E3315E29383AFD0064223C /* Debug */ = {
			isa = XCBuildConfiguration;
			buildSettings = {
				ALWAYS_SEARCH_USER_PATHS = NO;
				CLANG_ANALYZER_NONNULL = YES;
				CLANG_ANALYZER_NUMBER_OBJECT_CONVERSION = YES_AGGRESSIVE;
				CLANG_CXX_LANGUAGE_STANDARD = "gnu++17";
				CLANG_ENABLE_MODULES = YES;
				CLANG_ENABLE_OBJC_ARC = YES;
				CLANG_ENABLE_OBJC_WEAK = YES;
				CLANG_WARN_BLOCK_CAPTURE_AUTORELEASING = YES;
				CLANG_WARN_BOOL_CONVERSION = YES;
				CLANG_WARN_COMMA = YES;
				CLANG_WARN_CONSTANT_CONVERSION = YES;
				CLANG_WARN_DEPRECATED_OBJC_IMPLEMENTATIONS = YES;
				CLANG_WARN_DIRECT_OBJC_ISA_USAGE = YES_ERROR;
				CLANG_WARN_DOCUMENTATION_COMMENTS = YES;
				CLANG_WARN_EMPTY_BODY = YES;
				CLANG_WARN_ENUM_CONVERSION = YES;
				CLANG_WARN_INFINITE_RECURSION = YES;
				CLANG_WARN_INT_CONVERSION = YES;
				CLANG_WARN_NON_LITERAL_NULL_CONVERSION = YES;
				CLANG_WARN_OBJC_IMPLICIT_RETAIN_SELF = YES;
				CLANG_WARN_OBJC_LITERAL_CONVERSION = YES;
				CLANG_WARN_OBJC_ROOT_CLASS = YES_ERROR;
				CLANG_WARN_QUOTED_INCLUDE_IN_FRAMEWORK_HEADER = YES;
				CLANG_WARN_RANGE_LOOP_ANALYSIS = YES;
				CLANG_WARN_STRICT_PROTOTYPES = YES;
				CLANG_WARN_SUSPICIOUS_MOVE = YES;
				CLANG_WARN_UNGUARDED_AVAILABILITY = YES_AGGRESSIVE;
				CLANG_WARN_UNREACHABLE_CODE = YES;
				CLANG_WARN__DUPLICATE_METHOD_MATCH = YES;
				COPY_PHASE_STRIP = NO;
				DEBUG_INFORMATION_FORMAT = dwarf;
				ENABLE_STRICT_OBJC_MSGSEND = YES;
				ENABLE_TESTABILITY = YES;
				GCC_C_LANGUAGE_STANDARD = gnu11;
				GCC_DYNAMIC_NO_PIC = NO;
				GCC_NO_COMMON_BLOCKS = YES;
				GCC_OPTIMIZATION_LEVEL = 0;
				GCC_PREPROCESSOR_DEFINITIONS = (
					"DEBUG=1",
					"$(inherited)",
				);
				GCC_WARN_64_TO_32_BIT_CONVERSION = YES;
				GCC_WARN_ABOUT_RETURN_TYPE = YES_ERROR;
				GCC_WARN_UNDECLARED_SELECTOR = YES;
				GCC_WARN_UNINITIALIZED_AUTOS = YES_AGGRESSIVE;
				GCC_WARN_UNUSED_FUNCTION = YES;
				GCC_WARN_UNUSED_VARIABLE = YES;
				IPHONEOS_DEPLOYMENT_TARGET = 15.5;
				MTL_ENABLE_DEBUG_INFO = INCLUDE_SOURCE;
				MTL_FAST_MATH = YES;
				ONLY_ACTIVE_ARCH = YES;
				SDKROOT = iphoneos;
				SWIFT_ACTIVE_COMPILATION_CONDITIONS = DEBUG;
				SWIFT_OPTIMIZATION_LEVEL = "-Onone";
			};
			name = Debug;
		};
		70E3315F29383AFD0064223C /* Release */ = {
			isa = XCBuildConfiguration;
			buildSettings = {
				ALWAYS_SEARCH_USER_PATHS = NO;
				CLANG_ANALYZER_NONNULL = YES;
				CLANG_ANALYZER_NUMBER_OBJECT_CONVERSION = YES_AGGRESSIVE;
				CLANG_CXX_LANGUAGE_STANDARD = "gnu++17";
				CLANG_ENABLE_MODULES = YES;
				CLANG_ENABLE_OBJC_ARC = YES;
				CLANG_ENABLE_OBJC_WEAK = YES;
				CLANG_WARN_BLOCK_CAPTURE_AUTORELEASING = YES;
				CLANG_WARN_BOOL_CONVERSION = YES;
				CLANG_WARN_COMMA = YES;
				CLANG_WARN_CONSTANT_CONVERSION = YES;
				CLANG_WARN_DEPRECATED_OBJC_IMPLEMENTATIONS = YES;
				CLANG_WARN_DIRECT_OBJC_ISA_USAGE = YES_ERROR;
				CLANG_WARN_DOCUMENTATION_COMMENTS = YES;
				CLANG_WARN_EMPTY_BODY = YES;
				CLANG_WARN_ENUM_CONVERSION = YES;
				CLANG_WARN_INFINITE_RECURSION = YES;
				CLANG_WARN_INT_CONVERSION = YES;
				CLANG_WARN_NON_LITERAL_NULL_CONVERSION = YES;
				CLANG_WARN_OBJC_IMPLICIT_RETAIN_SELF = YES;
				CLANG_WARN_OBJC_LITERAL_CONVERSION = YES;
				CLANG_WARN_OBJC_ROOT_CLASS = YES_ERROR;
				CLANG_WARN_QUOTED_INCLUDE_IN_FRAMEWORK_HEADER = YES;
				CLANG_WARN_RANGE_LOOP_ANALYSIS = YES;
				CLANG_WARN_STRICT_PROTOTYPES = YES;
				CLANG_WARN_SUSPICIOUS_MOVE = YES;
				CLANG_WARN_UNGUARDED_AVAILABILITY = YES_AGGRESSIVE;
				CLANG_WARN_UNREACHABLE_CODE = YES;
				CLANG_WARN__DUPLICATE_METHOD_MATCH = YES;
				COPY_PHASE_STRIP = NO;
				DEBUG_INFORMATION_FORMAT = "dwarf-with-dsym";
				ENABLE_NS_ASSERTIONS = NO;
				ENABLE_STRICT_OBJC_MSGSEND = YES;
				GCC_C_LANGUAGE_STANDARD = gnu11;
				GCC_NO_COMMON_BLOCKS = YES;
				GCC_WARN_64_TO_32_BIT_CONVERSION = YES;
				GCC_WARN_ABOUT_RETURN_TYPE = YES_ERROR;
				GCC_WARN_UNDECLARED_SELECTOR = YES;
				GCC_WARN_UNINITIALIZED_AUTOS = YES_AGGRESSIVE;
				GCC_WARN_UNUSED_FUNCTION = YES;
				GCC_WARN_UNUSED_VARIABLE = YES;
				IPHONEOS_DEPLOYMENT_TARGET = 15.5;
				MTL_ENABLE_DEBUG_INFO = NO;
				MTL_FAST_MATH = YES;
				SDKROOT = iphoneos;
				SWIFT_COMPILATION_MODE = wholemodule;
				SWIFT_OPTIMIZATION_LEVEL = "-O";
				VALIDATE_PRODUCT = YES;
			};
			name = Release;
		};
		70E3316129383AFD0064223C /* Debug */ = {
			isa = XCBuildConfiguration;
			baseConfigurationReference = 8869ABEE7750988D18E79322 /* Pods-Inspire.debug.xcconfig */;
			buildSettings = {
				ASSETCATALOG_COMPILER_APPICON_NAME = AppIcon;
				ASSETCATALOG_COMPILER_GLOBAL_ACCENT_COLOR_NAME = AccentColor;
				CODE_SIGN_STYLE = Automatic;
				CURRENT_PROJECT_VERSION = 1;
				DEVELOPMENT_TEAM = 5562S9J35M;
				GENERATE_INFOPLIST_FILE = YES;
				INFOPLIST_FILE = Inspire/Info.plist;
				INFOPLIST_KEY_CFBundleDisplayName = Inspire;
				INFOPLIST_KEY_UIApplicationSupportsIndirectInputEvents = YES;
				INFOPLIST_KEY_UILaunchStoryboardName = LaunchScreen;
				INFOPLIST_KEY_UISupportedInterfaceOrientations = UIInterfaceOrientationPortrait;
				INFOPLIST_KEY_UISupportedInterfaceOrientations_iPad = "UIInterfaceOrientationPortrait UIInterfaceOrientationPortraitUpsideDown";
				INFOPLIST_KEY_UISupportedInterfaceOrientations_iPhone = "UIInterfaceOrientationPortrait UIInterfaceOrientationLandscapeLeft UIInterfaceOrientationLandscapeRight";
				IPHONEOS_DEPLOYMENT_TARGET = 13.0;
				LD_RUNPATH_SEARCH_PATHS = (
					"$(inherited)",
					"@executable_path/Frameworks",
				);
				MARKETING_VERSION = 1.0;
				PRODUCT_BUNDLE_IDENTIFIER = com.inspire.Inspire;
				PRODUCT_NAME = "$(TARGET_NAME)";
				SWIFT_EMIT_LOC_STRINGS = YES;
				SWIFT_VERSION = 5.0;
				TARGETED_DEVICE_FAMILY = 1;
			};
			name = Debug;
		};
		70E3316229383AFD0064223C /* Release */ = {
			isa = XCBuildConfiguration;
			baseConfigurationReference = 6210A0E3B4C78D2E06D7A7E2 /* Pods-Inspire.release.xcconfig */;
			buildSettings = {
				ASSETCATALOG_COMPILER_APPICON_NAME = AppIcon;
				ASSETCATALOG_COMPILER_GLOBAL_ACCENT_COLOR_NAME = AccentColor;
				CODE_SIGN_STYLE = Automatic;
				CURRENT_PROJECT_VERSION = 1;
				DEVELOPMENT_TEAM = 5562S9J35M;
				GENERATE_INFOPLIST_FILE = YES;
				INFOPLIST_FILE = Inspire/Info.plist;
				INFOPLIST_KEY_CFBundleDisplayName = Inspire;
				INFOPLIST_KEY_UIApplicationSupportsIndirectInputEvents = YES;
				INFOPLIST_KEY_UILaunchStoryboardName = LaunchScreen;
				INFOPLIST_KEY_UISupportedInterfaceOrientations = UIInterfaceOrientationPortrait;
				INFOPLIST_KEY_UISupportedInterfaceOrientations_iPad = "UIInterfaceOrientationPortrait UIInterfaceOrientationPortraitUpsideDown";
				INFOPLIST_KEY_UISupportedInterfaceOrientations_iPhone = "UIInterfaceOrientationPortrait UIInterfaceOrientationLandscapeLeft UIInterfaceOrientationLandscapeRight";
				IPHONEOS_DEPLOYMENT_TARGET = 13.0;
				LD_RUNPATH_SEARCH_PATHS = (
					"$(inherited)",
					"@executable_path/Frameworks",
				);
				MARKETING_VERSION = 1.0;
				PRODUCT_BUNDLE_IDENTIFIER = com.inspire.Inspire;
				PRODUCT_NAME = "$(TARGET_NAME)";
				SWIFT_EMIT_LOC_STRINGS = YES;
				SWIFT_VERSION = 5.0;
				TARGETED_DEVICE_FAMILY = 1;
			};
			name = Release;
		};
/* End XCBuildConfiguration section */

/* Begin XCConfigurationList section */
		70E3314729383AF90064223C /* Build configuration list for PBXProject "Inspire" */ = {
			isa = XCConfigurationList;
			buildConfigurations = (
				70E3315E29383AFD0064223C /* Debug */,
				70E3315F29383AFD0064223C /* Release */,
			);
			defaultConfigurationIsVisible = 0;
			defaultConfigurationName = Release;
		};
		70E3316029383AFD0064223C /* Build configuration list for PBXNativeTarget "Inspire" */ = {
			isa = XCConfigurationList;
			buildConfigurations = (
				70E3316129383AFD0064223C /* Debug */,
				70E3316229383AFD0064223C /* Release */,
			);
			defaultConfigurationIsVisible = 0;
			defaultConfigurationName = Release;
		};
/* End XCConfigurationList section */
	};
	rootObject = 70E3314429383AF90064223C /* Project object */;
}
